
Microsoft Visual Studio Solution File, Format Version 12.00
# Visual Studio Version 17
VisualStudioVersion = 17.3.32929.385
MinimumVisualStudioVersion = 10.0.40219.1
Project("{9A19103F-16F7-4668-BE54-9A1E7A4F7556}") = "KitchenerTempBadgeSystem.PL", "KitchenerTempBadgeSystem.PL\KitchenerTempBadgeSystem.PL.csproj", "{D90ADDB2-A77B-46E9-AA4B-5BE3B2F2875D}"
	ProjectSection(ProjectDependencies) = postProject
		{21D8BE74-2684-4419-A537-86FFEE924315} = {21D8BE74-2684-4419-A537-86FFEE924315}
		{C49853A6-56AA-41EC-ACD5-E10FCC168A75} = {C49853A6-56AA-41EC-ACD5-E10FCC168A75}
	EndProjectSection
EndProject
Project("{9A19103F-16F7-4668-BE54-9A1E7A4F7556}") = "DataAccess.Layer", "DataAccess.Layer\DataAccess.Layer.csproj", "{C49853A6-56AA-41EC-ACD5-E10FCC168A75}"
EndProject
Project("{9A19103F-16F7-4668-BE54-9A1E7A4F7556}") = "Business.Layer", "Business.Layer\Business.Layer.csproj", "{21D8BE74-2684-4419-A537-86FFEE924315}"
	ProjectSection(ProjectDependencies) = postProject
		{C49853A6-56AA-41EC-ACD5-E10FCC168A75} = {C49853A6-56AA-41EC-ACD5-E10FCC168A75}
	EndProjectSection
EndProject
Global
	GlobalSection(SolutionConfigurationPlatforms) = preSolution
		Debug|Any CPU = Debug|Any CPU
		Release|Any CPU = Release|Any CPU
	EndGlobalSection
	GlobalSection(ProjectConfigurationPlatforms) = postSolution
		{D90ADDB2-A77B-46E9-AA4B-5BE3B2F2875D}.Debug|Any CPU.ActiveCfg = Debug|Any CPU
		{D90ADDB2-A77B-46E9-AA4B-5BE3B2F2875D}.Debug|Any CPU.Build.0 = Debug|Any CPU
		{D90ADDB2-A77B-46E9-AA4B-5BE3B2F2875D}.Release|Any CPU.ActiveCfg = Release|Any CPU
		{D90ADDB2-A77B-46E9-AA4B-5BE3B2F2875D}.Release|Any CPU.Build.0 = Release|Any CPU
		{C49853A6-56AA-41EC-ACD5-E10FCC168A75}.Debug|Any CPU.ActiveCfg = Debug|Any CPU
		{C49853A6-56AA-41EC-ACD5-E10FCC168A75}.Debug|Any CPU.Build.0 = Debug|Any CPU
		{C49853A6-56AA-41EC-ACD5-E10FCC168A75}.Release|Any CPU.ActiveCfg = Release|Any CPU
		{C49853A6-56AA-41EC-ACD5-E10FCC168A75}.Release|Any CPU.Build.0 = Release|Any CPU
		{21D8BE74-2684-4419-A537-86FFEE924315}.Debug|Any CPU.ActiveCfg = Debug|Any CPU
		{21D8BE74-2684-4419-A537-86FFEE924315}.Debug|Any CPU.Build.0 = Debug|Any CPU
		{21D8BE74-2684-4419-A537-86FFEE924315}.Release|Any CPU.ActiveCfg = Release|Any CPU
		{21D8BE74-2684-4419-A537-86FFEE924315}.Release|Any CPU.Build.0 = Release|Any CPU
	EndGlobalSection
	GlobalSection(SolutionProperties) = preSolution
		HideSolutionNode = FALSE
	EndGlobalSection
	GlobalSection(ExtensibilityGlobals) = postSolution
		SolutionGuid = {B99F3902-6262-42C8-9F2E-3F77E856699D}
	EndGlobalSection
EndGlobal
